{
  "name": "myvitevue",
  "version": "0.0.0",
  "lockfileVersion": 1,
  "requires": true,
  "dependencies": {
    "@babel/helper-validator-identifier": {
      "version": "7.12.11",
      "resolved": "https://registry.npm.taobao.org/@babel/helper-validator-identifier/download/@babel/helper-validator-identifier-7.12.11.tgz",
      "integrity": "sha1-yaHwIZF9y1zPDU5FPjmQIpgfye0="
    },
    "@babel/parser": {
      "version": "7.13.16",
      "resolved": "https://registry.nlark.com/@babel/parser/download/@babel/parser-7.13.16.tgz",
      "integrity": "sha1-DxgXmwRI5pObHz9cTDVaOpvN/Tc="
    },
    "@babel/types": {
      "version": "7.13.17",
      "resolved": "https://registry.nlark.com/@babel/types/download/@babel/types-7.13.17.tgz",
      "integrity": "sha1-SAEKEVyfunWItEN91oyUaQErOLQ=",
      "requires": {
        "@babel/helper-validator-identifier": "^7.12.11",
        "to-fast-properties": "^2.0.0"
      }
    },
    "@popperjs/core": {
      "version": "2.9.2",
      "resolved": "https://registry.npm.taobao.org/@popperjs/core/download/@popperjs/core-2.9.2.tgz?cache=0&sync_timestamp=1617290098226&other_urls=https%3A%2F%2Fregistry.npm.taobao.org%2F%40popperjs%2Fcore%2Fdownload%2F%40popperjs%2Fcore-2.9.2.tgz",
      "integrity": "sha1-rep7aVPLs0ZRdmsFSEaOdDxqI1M="
    },
    "@types/lodash": {
      "version": "4.14.168",
      "resolved": "https://registry.npm.taobao.org/@types/lodash/download/@types/lodash-4.14.168.tgz",
      "integrity": "sha1-/iRjLnm3rePxMoka//hsql5c4Ag="
    },
    "@vitejs/plugin-vue": {
      "version": "1.2.1",
      "resolved": "https://registry.npm.taobao.org/@vitejs/plugin-vue/download/@vitejs/plugin-vue-1.2.1.tgz",
      "integrity": "sha1-beSUNvw0b4KaVmdgZkKOPwEVIqw=",
      "dev": true
    },
    "@vue/compiler-core": {
      "version": "3.0.11",
      "resolved": "https://registry.nlark.com/@vue/compiler-core/download/@vue/compiler-core-3.0.11.tgz",
      "integrity": "sha1-XvV55G17M2uHNSKHWNHCxQWq5po=",
      "requires": {
        "@babel/parser": "^7.12.0",
        "@babel/types": "^7.12.0",
        "@vue/shared": "3.0.11",
        "estree-walker": "^2.0.1",
        "source-map": "^0.6.1"
      }
    },
    "@vue/compiler-dom": {
      "version": "3.0.11",
      "resolved": "https://registry.npm.taobao.org/@vue/compiler-dom/download/@vue/compiler-dom-3.0.11.tgz",
      "integrity": "sha1-sV/ByQk3H9ZxdGAgulW12rSnMO4=",
      "requires": {
        "@vue/compiler-core": "3.0.11",
        "@vue/shared": "3.0.11"
      }
    },
    "@vue/compiler-sfc": {
      "version": "3.0.11",
      "resolved": "https://registry.npm.taobao.org/@vue/compiler-sfc/download/@vue/compiler-sfc-3.0.11.tgz?cache=0&sync_timestamp=1617321275953&other_urls=https%3A%2F%2Fregistry.npm.taobao.org%2F%40vue%2Fcompiler-sfc%2Fdownload%2F%40vue%2Fcompiler-sfc-3.0.11.tgz",
      "integrity": "sha1-zYyiFUuIlntSH1rTsQ9fi2tmVnk=",
      "dev": true,
      "requires": {
        "@babel/parser": "^7.13.9",
        "@babel/types": "^7.13.0",
        "@vue/compiler-core": "3.0.11",
        "@vue/compiler-dom": "3.0.11",
        "@vue/compiler-ssr": "3.0.11",
        "@vue/shared": "3.0.11",
        "consolidate": "^0.16.0",
        "estree-walker": "^2.0.1",
        "hash-sum": "^2.0.0",
        "lru-cache": "^5.1.1",
        "magic-string": "^0.25.7",
        "merge-source-map": "^1.1.0",
        "postcss": "^8.1.10",
        "postcss-modules": "^4.0.0",
        "postcss-selector-parser": "^6.0.4",
        "source-map": "^0.6.1"
      }
    },
    "@vue/compiler-ssr": {
      "version": "3.0.11",
      "resolved": "https://registry.nlark.com/@vue/compiler-ssr/download/@vue/compiler-ssr-3.0.11.tgz",
      "integrity": "sha1-rFoF/RJXQS+mYHnII9ggO2qImhM=",
      "dev": true,
      "requires": {
        "@vue/compiler-dom": "3.0.11",
        "@vue/shared": "3.0.11"
      }
    },
    "@vue/reactivity": {
      "version": "3.0.11",
      "resolved": "https://registry.nlark.com/@vue/reactivity/download/@vue/reactivity-3.0.11.tgz",
      "integrity": "sha1-B7WINJ/QViaxfzUAy+99S9tNvQs=",
      "requires": {
        "@vue/shared": "3.0.11"
      }
    },
    "@vue/runtime-core": {
      "version": "3.0.11",
      "resolved": "https://registry.npm.taobao.org/@vue/runtime-core/download/@vue/runtime-core-3.0.11.tgz",
      "integrity": "sha1-xS38as8yFUk2I1UsHCkZCAxWLkQ=",
      "requires": {
        "@vue/reactivity": "3.0.11",
        "@vue/shared": "3.0.11"
      }
    },
    "@vue/runtime-dom": {
      "version": "3.0.11",
      "resolved": "https://registry.npm.taobao.org/@vue/runtime-dom/download/@vue/runtime-dom-3.0.11.tgz?cache=0&sync_timestamp=1617321807061&other_urls=https%3A%2F%2Fregistry.npm.taobao.org%2F%40vue%2Fruntime-dom%2Fdownload%2F%40vue%2Fruntime-dom-3.0.11.tgz",
      "integrity": "sha1-elUt8hkHlCch/raWHEGOIippkzc=",
      "requires": {
        "@vue/runtime-core": "3.0.11",
        "@vue/shared": "3.0.11",
        "csstype": "^2.6.8"
      }
    },
    "@vue/shared": {
      "version": "3.0.11",
      "resolved": "https://registry.npm.taobao.org/@vue/shared/download/@vue/shared-3.0.11.tgz?cache=0&other_urls=https%3A%2F%2Fregistry.npm.taobao.org%2F%40vue%2Fshared%2Fdownload%2F%40vue%2Fshared-3.0.11.tgz",
      "integrity": "sha1-INIt0Np9NYuyHBf5vehigVJkLHc="
    },
    "async-validator": {
      "version": "3.5.1",
      "resolved": "https://registry.npm.taobao.org/async-validator/download/async-validator-3.5.1.tgz",
      "integrity": "sha1-zWK5aIskZfSEIOJ620d2CrG1VZ8="
    },
    "axios": {
      "version": "0.21.1",
      "resolved": "https://registry.npm.taobao.org/axios/download/axios-0.21.1.tgz",
      "integrity": "sha1-IlY0gZYvTWvemnbVFu8OXTwJsrg=",
      "requires": {
        "follow-redirects": "^1.10.0"
      }
    },
    "big.js": {
      "version": "5.2.2",
      "resolved": "https://registry.npm.taobao.org/big.js/download/big.js-5.2.2.tgz",
      "integrity": "sha1-ZfCvOC9Xi83HQr2cKB6cstd2gyg=",
      "dev": true
    },
    "bluebird": {
      "version": "3.7.2",
      "resolved": "https://registry.npm.taobao.org/bluebird/download/bluebird-3.7.2.tgz?cache=0&sync_timestamp=1598277393637&other_urls=https%3A%2F%2Fregistry.npm.taobao.org%2Fbluebird%2Fdownload%2Fbluebird-3.7.2.tgz",
      "integrity": "sha1-nyKcFb4nJFT/qXOs4NvueaGww28=",
      "dev": true
    },
    "colorette": {
      "version": "1.2.2",
      "resolved": "https://registry.npm.taobao.org/colorette/download/colorette-1.2.2.tgz?cache=0&sync_timestamp=1614259647923&other_urls=https%3A%2F%2Fregistry.npm.taobao.org%2Fcolorette%2Fdownload%2Fcolorette-1.2.2.tgz",
      "integrity": "sha1-y8x51emcrqLb8Q6zom/Ys+as+pQ=",
      "dev": true
    },
    "consolidate": {
      "version": "0.16.0",
      "resolved": "https://registry.npm.taobao.org/consolidate/download/consolidate-0.16.0.tgz",
      "integrity": "sha1-oRhkdokw8vGUMWYKZZBmaPX73BY=",
      "dev": true,
      "requires": {
        "bluebird": "^3.7.2"
      }
    },
    "copy-anything": {
      "version": "2.0.3",
      "resolved": "https://registry.npm.taobao.org/copy-anything/download/copy-anything-2.0.3.tgz?cache=0&sync_timestamp=1612447235474&other_urls=https%3A%2F%2Fregistry.npm.taobao.org%2Fcopy-anything%2Fdownload%2Fcopy-anything-2.0.3.tgz",
      "integrity": "sha1-hCQHugJGaw34RIGbvjuuu+XUXYc=",
      "requires": {
        "is-what": "^3.12.0"
      }
    },
    "cssesc": {
      "version": "3.0.0",
      "resolved": "https://registry.npm.taobao.org/cssesc/download/cssesc-3.0.0.tgz",
      "integrity": "sha1-N3QZGZA7hoVl4cCep0dEXNGJg+4=",
      "dev": true
    },
    "csstype": {
      "version": "2.6.17",
      "resolved": "https://registry.nlark.com/csstype/download/csstype-2.6.17.tgz",
      "integrity": "sha1-TPMOuH4dGgBdi2UQ+VKSQT9qHA4="
    },
    "dayjs": {
      "version": "1.10.4",
      "resolved": "https://registry.npm.taobao.org/dayjs/download/dayjs-1.10.4.tgz?cache=0&sync_timestamp=1611310674789&other_urls=https%3A%2F%2Fregistry.npm.taobao.org%2Fdayjs%2Fdownload%2Fdayjs-1.10.4.tgz",
      "integrity": "sha1-jlRKm4aD9heD9XCYCoqA6vVKseI="
    },
    "debug": {
      "version": "3.2.7",
      "resolved": "https://registry.npm.taobao.org/debug/download/debug-3.2.7.tgz?cache=0&sync_timestamp=1607566559421&other_urls=https%3A%2F%2Fregistry.npm.taobao.org%2Fdebug%2Fdownload%2Fdebug-3.2.7.tgz",
      "integrity": "sha1-clgLfpFF+zm2Z2+cXl+xALk0F5o=",
      "optional": true,
      "requires": {
        "ms": "^2.1.1"
      }
    },
    "element-plus": {
      "version": "1.0.2-beta.40",
      "resolved": "https://registry.npm.taobao.org/element-plus/download/element-plus-1.0.2-beta.40.tgz?cache=0&sync_timestamp=1618373253152&other_urls=https%3A%2F%2Fregistry.npm.taobao.org%2Felement-plus%2Fdownload%2Felement-plus-1.0.2-beta.40.tgz",
      "integrity": "sha1-MPybFhSWrlh/q4YjXIC3KOpD2Qk=",
      "requires": {
        "@popperjs/core": "^2.4.4",
        "@types/lodash": "^4.14.161",
        "async-validator": "^3.4.0",
        "dayjs": "1.x",
        "lodash": "^4.17.20",
        "mitt": "^2.1.0",
        "normalize-wheel": "^1.0.1",
        "resize-observer-polyfill": "^1.5.1"
      }
    },
    "emojis-list": {
      "version": "3.0.0",
      "resolved": "https://registry.npm.taobao.org/emojis-list/download/emojis-list-3.0.0.tgz",
      "integrity": "sha1-VXBmIEatKeLpFucariYKvf9Pang=",
      "dev": true
    },
    "errno": {
      "version": "0.1.8",
      "resolved": "https://registry.npm.taobao.org/errno/download/errno-0.1.8.tgz",
      "integrity": "sha1-i7Ppx9Rjvkl2/4iPdrSAnrwugR8=",
      "optional": true,
      "requires": {
        "prr": "~1.0.1"
      }
    },
    "esbuild": {
      "version": "0.9.7",
      "resolved": "https://registry.npm.taobao.org/esbuild/download/esbuild-0.9.7.tgz",
      "integrity": "sha1-6g1jnL5LiOwl++1Nb/AMjXiO9ws=",
      "dev": true
    },
    "estree-walker": {
      "version": "2.0.2",
      "resolved": "https://registry.npm.taobao.org/estree-walker/download/estree-walker-2.0.2.tgz",
      "integrity": "sha1-UvAQF4wqTBF6d1fP6UKtt9LaTKw="
    },
    "follow-redirects": {
      "version": "1.13.3",
      "resolved": "https://registry.npm.taobao.org/follow-redirects/download/follow-redirects-1.13.3.tgz",
      "integrity": "sha1-5VmK1QF0wbxOhyMB6CrCzZf5Amc="
    },
    "fsevents": {
      "version": "2.3.2",
      "resolved": "https://registry.npm.taobao.org/fsevents/download/fsevents-2.3.2.tgz",
      "integrity": "sha1-ilJveLj99GI7cJ4Ll1xSwkwC/Ro=",
      "dev": true,
      "optional": true
    },
    "function-bind": {
      "version": "1.1.1",
      "resolved": "https://registry.npm.taobao.org/function-bind/download/function-bind-1.1.1.tgz",
      "integrity": "sha1-pWiZ0+o8m6uHS7l3O3xe3pL0iV0=",
      "dev": true
    },
    "generic-names": {
      "version": "2.0.1",
      "resolved": "https://registry.npm.taobao.org/generic-names/download/generic-names-2.0.1.tgz",
      "integrity": "sha1-+KN46tLMqno08DF7BVVIMq5BuHI=",
      "dev": true,
      "requires": {
        "loader-utils": "^1.1.0"
      }
    },
    "graceful-fs": {
      "version": "4.2.6",
      "resolved": "https://registry.npm.taobao.org/graceful-fs/download/graceful-fs-4.2.6.tgz?cache=0&sync_timestamp=1612893309139&other_urls=https%3A%2F%2Fregistry.npm.taobao.org%2Fgraceful-fs%2Fdownload%2Fgraceful-fs-4.2.6.tgz",
      "integrity": "sha1-/wQLKwhTsjw9MQJ1I3BvGIXXa+4=",
      "optional": true
    },
    "has": {
      "version": "1.0.3",
      "resolved": "https://registry.npm.taobao.org/has/download/has-1.0.3.tgz",
      "integrity": "sha1-ci18v8H2qoJB8W3YFOAR4fQeh5Y=",
      "dev": true,
      "requires": {
        "function-bind": "^1.1.1"
      }
    },
    "hash-sum": {
      "version": "2.0.0",
      "resolved": "https://registry.npm.taobao.org/hash-sum/download/hash-sum-2.0.0.tgz",
      "integrity": "sha1-gdAbtd6OpKIUrV1urRtSNGCwtFo=",
      "dev": true
    },
    "iconv-lite": {
      "version": "0.4.24",
      "resolved": "https://registry.npm.taobao.org/iconv-lite/download/iconv-lite-0.4.24.tgz",
      "integrity": "sha1-ICK0sl+93CHS9SSXSkdKr+czkIs=",
      "optional": true,
      "requires": {
        "safer-buffer": ">= 2.1.2 < 3"
      }
    },
    "icss-replace-symbols": {
      "version": "1.1.0",
      "resolved": "https://registry.npm.taobao.org/icss-replace-symbols/download/icss-replace-symbols-1.1.0.tgz",
      "integrity": "sha1-Bupvg2ead0njhs/h/oEq5dsiPe0=",
      "dev": true
    },
    "icss-utils": {
      "version": "5.1.0",
      "resolved": "https://registry.npm.taobao.org/icss-utils/download/icss-utils-5.1.0.tgz",
      "integrity": "sha1-xr5oWKvQE9do6YNmrkfiXViHsa4=",
      "dev": true
    },
    "image-size": {
      "version": "0.5.5",
      "resolved": "https://registry.nlark.com/image-size/download/image-size-0.5.5.tgz",
      "integrity": "sha1-Cd/Uq50g4p6xw+gLiZA3jfnjy5w=",
      "optional": true
    },
    "is-core-module": {
      "version": "2.2.0",
      "resolved": "https://registry.npm.taobao.org/is-core-module/download/is-core-module-2.2.0.tgz",
      "integrity": "sha1-lwN+89UiJNhRY/VZeytj2a/tmBo=",
      "dev": true,
      "requires": {
        "has": "^1.0.3"
      }
    },
    "is-what": {
      "version": "3.14.1",
      "resolved": "https://registry.npm.taobao.org/is-what/download/is-what-3.14.1.tgz",
      "integrity": "sha1-4SIvRt3ahd6tD9HJ3xMXYOd3VcE="
    },
    "json5": {
      "version": "1.0.1",
      "resolved": "https://registry.npm.taobao.org/json5/download/json5-1.0.1.tgz",
      "integrity": "sha1-d5+wAYYE+oVOrL9iUhgNg1Q+Pb4=",
      "dev": true,
      "requires": {
        "minimist": "^1.2.0"
      }
    },
    "less": {
      "version": "4.1.1",
      "resolved": "https://registry.npm.taobao.org/less/download/less-4.1.1.tgz",
      "integrity": "sha1-Fb8lOpk5eR3GkIiMP/Qk8+bH7bo=",
      "requires": {
        "copy-anything": "^2.0.1",
        "errno": "^0.1.1",
        "graceful-fs": "^4.1.2",
        "image-size": "~0.5.0",
        "make-dir": "^2.1.0",
        "mime": "^1.4.1",
        "needle": "^2.5.2",
        "parse-node-version": "^1.0.1",
        "source-map": "~0.6.0",
        "tslib": "^1.10.0"
      }
    },
    "loader-utils": {
      "version": "1.4.0",
      "resolved": "https://registry.npm.taobao.org/loader-utils/download/loader-utils-1.4.0.tgz",
      "integrity": "sha1-xXm140yzSxp07cbB+za/o3HVphM=",
      "dev": true,
      "requires": {
        "big.js": "^5.2.2",
        "emojis-list": "^3.0.0",
        "json5": "^1.0.1"
      }
    },
    "lodash": {
      "version": "4.17.21",
      "resolved": "https://registry.npm.taobao.org/lodash/download/lodash-4.17.21.tgz",
      "integrity": "sha1-Z5WRxWTDv/quhFTPCz3zcMPWkRw="
    },
    "lodash.camelcase": {
      "version": "4.3.0",
      "resolved": "https://registry.npm.taobao.org/lodash.camelcase/download/lodash.camelcase-4.3.0.tgz",
      "integrity": "sha1-soqmKIorn8ZRA1x3EfZathkDMaY=",
      "dev": true
    },
    "lru-cache": {
      "version": "5.1.1",
      "resolved": "https://registry.npm.taobao.org/lru-cache/download/lru-cache-5.1.1.tgz",
      "integrity": "sha1-HaJ+ZxAnGUdpXa9oSOhH8B2EuSA=",
      "dev": true,
      "requires": {
        "yallist": "^3.0.2"
      }
    },
    "magic-string": {
      "version": "0.25.7",
      "resolved": "https://registry.npm.taobao.org/magic-string/download/magic-string-0.25.7.tgz",
      "integrity": "sha1-P0l9b9NMZpxnmNy4IfLvMfVEUFE=",
      "dev": true,
      "requires": {
        "sourcemap-codec": "^1.4.4"
      }
    },
    "make-dir": {
      "version": "2.1.0",
      "resolved": "https://registry.npm.taobao.org/make-dir/download/make-dir-2.1.0.tgz",
      "integrity": "sha1-XwMQ4YuL6JjMBwCSlaMK5B6R5vU=",
      "optional": true,
      "requires": {
        "pify": "^4.0.1",
        "semver": "^5.6.0"
      }
    },
    "merge-source-map": {
      "version": "1.1.0",
      "resolved": "https://registry.npm.taobao.org/merge-source-map/download/merge-source-map-1.1.0.tgz",
      "integrity": "sha1-L93n5gIJOfcJBqaPLXrmheTIxkY=",
      "dev": true,
      "requires": {
        "source-map": "^0.6.1"
      }
    },
    "mime": {
      "version": "1.6.0",
      "resolved": "https://registry.npm.taobao.org/mime/download/mime-1.6.0.tgz",
      "integrity": "sha1-Ms2eXGRVO9WNGaVor0Uqz/BJgbE=",
      "optional": true
    },
    "minimist": {
      "version": "1.2.5",
      "resolved": "https://registry.npm.taobao.org/minimist/download/minimist-1.2.5.tgz",
      "integrity": "sha1-Z9ZgFLZqaoqqDAg8X9WN9OTpdgI=",
      "dev": true
    },
    "mitt": {
      "version": "2.1.0",
      "resolved": "https://registry.npm.taobao.org/mitt/download/mitt-2.1.0.tgz",
      "integrity": "sha1-90BXfCMXbGIFsSGylzUU6t4bIjA="
    },
    "ms": {
      "version": "2.1.3",
      "resolved": "https://registry.npm.taobao.org/ms/download/ms-2.1.3.tgz",
      "integrity": "sha1-V0yBOM4dK1hh8LRFedut1gxmFbI=",
      "optional": true
    },
    "nanoid": {
      "version": "3.1.22",
      "resolved": "https://registry.npm.taobao.org/nanoid/download/nanoid-3.1.22.tgz",
      "integrity": "sha1-s1+Pt9FRmQqK69WqUBXAPPcm+EQ=",
      "dev": true
    },
    "needle": {
      "version": "2.6.0",
      "resolved": "https://registry.npm.taobao.org/needle/download/needle-2.6.0.tgz",
      "integrity": "sha1-JNu1XyUJ4jJLSpnWH0E5ggE8zb4=",
      "optional": true,
      "requires": {
        "debug": "^3.2.6",
        "iconv-lite": "^0.4.4",
        "sax": "^1.2.4"
      }
    },
    "normalize-wheel": {
      "version": "1.0.1",
      "resolved": "https://registry.npm.taobao.org/normalize-wheel/download/normalize-wheel-1.0.1.tgz",
      "integrity": "sha1-rsiGr/2wRQcNhWRH32Ls+GFG7EU="
    },
    "parse-node-version": {
      "version": "1.0.1",
      "resolved": "https://registry.npm.taobao.org/parse-node-version/download/parse-node-version-1.0.1.tgz",
      "integrity": "sha1-4rXb7eAOf6m8NjYH9TMn6LBzGJs="
    },
    "path-parse": {
      "version": "1.0.6",
      "resolved": "https://registry.npm.taobao.org/path-parse/download/path-parse-1.0.6.tgz",
      "integrity": "sha1-1i27VnlAXXLEc37FhgDp3c8G0kw=",
      "dev": true
    },
    "pify": {
      "version": "4.0.1",
      "resolved": "https://registry.npm.taobao.org/pify/download/pify-4.0.1.tgz?cache=0&sync_timestamp=1599533339404&other_urls=https%3A%2F%2Fregistry.npm.taobao.org%2Fpify%2Fdownload%2Fpify-4.0.1.tgz",
      "integrity": "sha1-SyzSXFDVmHNcUCkiJP2MbfQeMjE=",
      "optional": true
    },
    "postcss": {
      "version": "8.2.12",
      "resolved": "https://registry.nlark.com/postcss/download/postcss-8.2.12.tgz?cache=0&sync_timestamp=1619106679971&other_urls=https%3A%2F%2Fregistry.nlark.com%2Fpostcss%2Fdownload%2Fpostcss-8.2.12.tgz",
      "integrity": "sha1-gSSKGofg9XXMWUqZoIIH/RxK3cQ=",
      "dev": true,
      "requires": {
        "colorette": "^1.2.2",
        "nanoid": "^3.1.22",
        "source-map": "^0.6.1"
      }
    },
    "postcss-modules": {
      "version": "4.0.0",
      "resolved": "https://registry.npm.taobao.org/postcss-modules/download/postcss-modules-4.0.0.tgz",
      "integrity": "sha1-K8fydquI8/Gw+t9svXdy1DtfO5s=",
      "dev": true,
      "requires": {
        "generic-names": "^2.0.1",
        "icss-replace-symbols": "^1.1.0",
        "lodash.camelcase": "^4.3.0",
        "postcss-modules-extract-imports": "^3.0.0",
        "postcss-modules-local-by-default": "^4.0.0",
        "postcss-modules-scope": "^3.0.0",
        "postcss-modules-values": "^4.0.0",
        "string-hash": "^1.1.1"
      }
    },
    "postcss-modules-extract-imports": {
      "version": "3.0.0",
      "resolved": "https://registry.npm.taobao.org/postcss-modules-extract-imports/download/postcss-modules-extract-imports-3.0.0.tgz?cache=0&sync_timestamp=1602588250574&other_urls=https%3A%2F%2Fregistry.npm.taobao.org%2Fpostcss-modules-extract-imports%2Fdownload%2Fpostcss-modules-extract-imports-3.0.0.tgz",
      "integrity": "sha1-zaHwR8CugMl9vijD52pDuIAldB0=",
      "dev": true
    },
    "postcss-modules-local-by-default": {
      "version": "4.0.0",
      "resolved": "https://registry.npm.taobao.org/postcss-modules-local-by-default/download/postcss-modules-local-by-default-4.0.0.tgz",
      "integrity": "sha1-67tU+uFZjuz99pGgKz/zs5ClpRw=",
      "dev": true,
      "requires": {
        "icss-utils": "^5.0.0",
        "postcss-selector-parser": "^6.0.2",
        "postcss-value-parser": "^4.1.0"
      }
    },
    "postcss-modules-scope": {
      "version": "3.0.0",
      "resolved": "https://registry.npm.taobao.org/postcss-modules-scope/download/postcss-modules-scope-3.0.0.tgz?cache=0&sync_timestamp=1602593325302&other_urls=https%3A%2F%2Fregistry.npm.taobao.org%2Fpostcss-modules-scope%2Fdownload%2Fpostcss-modules-scope-3.0.0.tgz",
      "integrity": "sha1-nvMVFFbTu/oSDKRImN/Kby+gHwY=",
      "dev": true,
      "requires": {
        "postcss-selector-parser": "^6.0.4"
      }
    },
    "postcss-modules-values": {
      "version": "4.0.0",
      "resolved": "https://registry.npm.taobao.org/postcss-modules-values/download/postcss-modules-values-4.0.0.tgz",
      "integrity": "sha1-18Xn5ow7s8myfL9Iyguz/7RgLJw=",
      "dev": true,
      "requires": {
        "icss-utils": "^5.0.0"
      }
    },
    "postcss-selector-parser": {
      "version": "6.0.5",
      "resolved": "https://registry.nlark.com/postcss-selector-parser/download/postcss-selector-parser-6.0.5.tgz",
      "integrity": "sha1-BC104Tfbg+bylHEglstBP1qmEsQ=",
      "dev": true,
      "requires": {
        "cssesc": "^3.0.0",
        "util-deprecate": "^1.0.2"
      }
    },
    "postcss-value-parser": {
      "version": "4.1.0",
      "resolved": "https://registry.npm.taobao.org/postcss-value-parser/download/postcss-value-parser-4.1.0.tgz",
      "integrity": "sha1-RD9qIM7WSBor2k+oUypuVdeJoss=",
      "dev": true
    },
    "prr": {
      "version": "1.0.1",
      "resolved": "https://registry.npm.taobao.org/prr/download/prr-1.0.1.tgz",
      "integrity": "sha1-0/wRS6BplaRexok/SEzrHXj19HY=",
      "optional": true
    },
    "resize-observer-polyfill": {
      "version": "1.5.1",
      "resolved": "https://registry.npm.taobao.org/resize-observer-polyfill/download/resize-observer-polyfill-1.5.1.tgz?cache=0&sync_timestamp=1602337238565&other_urls=https%3A%2F%2Fregistry.npm.taobao.org%2Fresize-observer-polyfill%2Fdownload%2Fresize-observer-polyfill-1.5.1.tgz",
      "integrity": "sha1-DpAg3T0hAkRY1OvSfiPkAmmBBGQ="
    },
    "resolve": {
      "version": "1.20.0",
      "resolved": "https://registry.npm.taobao.org/resolve/download/resolve-1.20.0.tgz",
      "integrity": "sha1-YpoBP7P3B1XW8LeTXMHCxTeLGXU=",
      "dev": true,
      "requires": {
        "is-core-module": "^2.2.0",
        "path-parse": "^1.0.6"
      }
    },
    "rollup": {
      "version": "2.45.2",
      "resolved": "https://registry.npm.taobao.org/rollup/download/rollup-2.45.2.tgz?cache=0&sync_timestamp=1618288754010&other_urls=https%3A%2F%2Fregistry.npm.taobao.org%2Frollup%2Fdownload%2Frollup-2.45.2.tgz",
      "integrity": "sha1-j7hZF8nzVgVyDpIyjzzL+6b3i0g=",
      "dev": true,
      "requires": {
        "fsevents": "~2.3.1"
      }
    },
    "safer-buffer": {
      "version": "2.1.2",
      "resolved": "https://registry.npm.taobao.org/safer-buffer/download/safer-buffer-2.1.2.tgz",
      "integrity": "sha1-RPoWGwGHuVSd2Eu5GAL5vYOFzWo=",
      "optional": true
    },
    "sax": {
      "version": "1.2.4",
      "resolved": "https://registry.npm.taobao.org/sax/download/sax-1.2.4.tgz",
      "integrity": "sha1-KBYjTiN4vdxOU1T6tcqold9xANk=",
      "optional": true
    },
    "semver": {
      "version": "5.7.1",
      "resolved": "https://registry.npm.taobao.org/semver/download/semver-5.7.1.tgz",
      "integrity": "sha1-qVT5Ma66UI0we78Gnv8MAclhFvc=",
      "optional": true
    },
    "source-map": {
      "version": "0.6.1",
      "resolved": "https://registry.npm.taobao.org/source-map/download/source-map-0.6.1.tgz",
      "integrity": "sha1-dHIq8y6WFOnCh6jQu95IteLxomM="
    },
    "sourcemap-codec": {
      "version": "1.4.8",
      "resolved": "https://registry.nlark.com/sourcemap-codec/download/sourcemap-codec-1.4.8.tgz",
      "integrity": "sha1-6oBL2UhXQC5pktBaOO8a41qatMQ=",
      "dev": true
    },
    "string-hash": {
      "version": "1.1.3",
      "resolved": "https://registry.npm.taobao.org/string-hash/download/string-hash-1.1.3.tgz",
      "integrity": "sha1-6Kr8CsGFW0Zmkp7X3RJ1311sgRs=",
      "dev": true
    },
    "to-fast-properties": {
      "version": "2.0.0",
      "resolved": "https://registry.npm.taobao.org/to-fast-properties/download/to-fast-properties-2.0.0.tgz",
      "integrity": "sha1-3F5pjL0HkmW8c+A3doGk5Og/YW4="
    },
    "tslib": {
      "version": "1.14.1",
      "resolved": "https://registry.npm.taobao.org/tslib/download/tslib-1.14.1.tgz",
      "integrity": "sha1-zy04vcNKE0vK8QkcQfZhni9nLQA="
    },
    "util-deprecate": {
      "version": "1.0.2",
      "resolved": "https://registry.npm.taobao.org/util-deprecate/download/util-deprecate-1.0.2.tgz",
      "integrity": "sha1-RQ1Nyfpw3nMnYvvS1KKJgUGaDM8=",
      "dev": true
    },
    "vite": {
      "version": "2.2.1",
      "resolved": "https://registry.nlark.com/vite/download/vite-2.2.1.tgz",
      "integrity": "sha1-kMSB9pNx8yhn2GpqYjuwZLh2rT0=",
      "dev": true,
      "requires": {
        "esbuild": "^0.9.3",
        "fsevents": "~2.3.1",
        "postcss": "^8.2.1",
        "resolve": "^1.19.0",
        "rollup": "^2.38.5"
      }
    },
    "vue": {
      "version": "3.0.11",
      "resolved": "https://registry.npm.taobao.org/vue/download/vue-3.0.11.tgz?cache=0&sync_timestamp=1617322243008&other_urls=https%3A%2F%2Fregistry.npm.taobao.org%2Fvue%2Fdownload%2Fvue-3.0.11.tgz",
      "integrity": "sha1-yC+VlMv03MhpJB1MjdPgjZqPS18=",
      "requires": {
        "@vue/compiler-dom": "3.0.11",
        "@vue/runtime-dom": "3.0.11",
        "@vue/shared": "3.0.11"
      }
    },
    "vue-router": {
      "version": "4.0.6",
      "resolved": "https://registry.npm.taobao.org/vue-router/download/vue-router-4.0.6.tgz?cache=0&sync_timestamp=1617697843139&other_urls=https%3A%2F%2Fregistry.npm.taobao.org%2Fvue-router%2Fdownload%2Fvue-router-4.0.6.tgz",
      "integrity": "sha1-kXUNtQfSZkLyJbDsYGRWjl/kSNY="
    },
    "vuex": {
      "version": "4.0.0",
      "resolved": "https://registry.npm.taobao.org/vuex/download/vuex-4.0.0.tgz?cache=0&sync_timestamp=1612277442796&other_urls=https%3A%2F%2Fregistry.npm.taobao.org%2Fvuex%2Fdownload%2Fvuex-4.0.0.tgz",
      "integrity": "sha1-rId6p2qcRTaMl5Rx5GG1INOObPU="
    },
    "yallist": {
      "version": "3.1.1",
      "resolved": "https://registry.npm.taobao.org/yallist/download/yallist-3.1.1.tgz",
      "integrity": "sha1-27fa+b/YusmrRev2ArjLrQ1dCP0=",
      "dev": true
    }
  }
}
